
Microsoft Visual Studio Solution File, Format Version 12.00
# Visual Studio Version 16
VisualStudioVersion = 16.0.30114.105
MinimumVisualStudioVersion = 10.0.40219.1
Project("{2150E333-8FDC-42A3-9474-1A3956D46DE8}") = "Tests", "Tests", "{FC789173-232A-445A-9364-13A15BEC90A5}"
EndProject
Project("{FAE04EC0-301F-11D3-BF4B-00C04F79EFBC}") = "MetaWeather.TestConsole", "Tests\MetaWeather.TestConsole\MetaWeather.TestConsole.csproj", "{4EB100B2-0FDE-47A1-9E3B-7A1736C215F8}"
EndProject
Project("{FAE04EC0-301F-11D3-BF4B-00C04F79EFBC}") = "MetaWeather", "MetaWeather\MetaWeather.csproj", "{64A4F13F-4D11-44BE-8726-872197B56889}"
EndProject
Global
	GlobalSection(SolutionConfigurationPlatforms) = preSolution
		Debug|Any CPU = Debug|Any CPU
		Debug|x64 = Debug|x64
		Debug|x86 = Debug|x86
		Release|Any CPU = Release|Any CPU
		Release|x64 = Release|x64
		Release|x86 = Release|x86
	EndGlobalSection
	GlobalSection(SolutionProperties) = preSolution
		HideSolutionNode = FALSE
	EndGlobalSection
	GlobalSection(ProjectConfigurationPlatforms) = postSolution
		{4EB100B2-0FDE-47A1-9E3B-7A1736C215F8}.Debug|Any CPU.ActiveCfg = Debug|Any CPU
		{4EB100B2-0FDE-47A1-9E3B-7A1736C215F8}.Debug|Any CPU.Build.0 = Debug|Any CPU
		{4EB100B2-0FDE-47A1-9E3B-7A1736C215F8}.Debug|x64.ActiveCfg = Debug|Any CPU
		{4EB100B2-0FDE-47A1-9E3B-7A1736C215F8}.Debug|x64.Build.0 = Debug|Any CPU
		{4EB100B2-0FDE-47A1-9E3B-7A1736C215F8}.Debug|x86.ActiveCfg = Debug|Any CPU
		{4EB100B2-0FDE-47A1-9E3B-7A1736C215F8}.Debug|x86.Build.0 = Debug|Any CPU
		{4EB100B2-0FDE-47A1-9E3B-7A1736C215F8}.Release|Any CPU.ActiveCfg = Release|Any CPU
		{4EB100B2-0FDE-47A1-9E3B-7A1736C215F8}.Release|Any CPU.Build.0 = Release|Any CPU
		{4EB100B2-0FDE-47A1-9E3B-7A1736C215F8}.Release|x64.ActiveCfg = Release|Any CPU
		{4EB100B2-0FDE-47A1-9E3B-7A1736C215F8}.Release|x64.Build.0 = Release|Any CPU
		{4EB100B2-0FDE-47A1-9E3B-7A1736C215F8}.Release|x86.ActiveCfg = Release|Any CPU
		{4EB100B2-0FDE-47A1-9E3B-7A1736C215F8}.Release|x86.Build.0 = Release|Any CPU
		{64A4F13F-4D11-44BE-8726-872197B56889}.Debug|Any CPU.ActiveCfg = Debug|Any CPU
		{64A4F13F-4D11-44BE-8726-872197B56889}.Debug|Any CPU.Build.0 = Debug|Any CPU
		{64A4F13F-4D11-44BE-8726-872197B56889}.Debug|x64.ActiveCfg = Debug|Any CPU
		{64A4F13F-4D11-44BE-8726-872197B56889}.Debug|x64.Build.0 = Debug|Any CPU
		{64A4F13F-4D11-44BE-8726-872197B56889}.Debug|x86.ActiveCfg = Debug|Any CPU
		{64A4F13F-4D11-44BE-8726-872197B56889}.Debug|x86.Build.0 = Debug|Any CPU
		{64A4F13F-4D11-44BE-8726-872197B56889}.Release|Any CPU.ActiveCfg = Release|Any CPU
		{64A4F13F-4D11-44BE-8726-872197B56889}.Release|Any CPU.Build.0 = Release|Any CPU
		{64A4F13F-4D11-44BE-8726-872197B56889}.Release|x64.ActiveCfg = Release|Any CPU
		{64A4F13F-4D11-44BE-8726-872197B56889}.Release|x64.Build.0 = Release|Any CPU
		{64A4F13F-4D11-44BE-8726-872197B56889}.Release|x86.ActiveCfg = Release|Any CPU
		{64A4F13F-4D11-44BE-8726-872197B56889}.Release|x86.Build.0 = Release|Any CPU
	EndGlobalSection
	GlobalSection(NestedProjects) = preSolution
		{4EB100B2-0FDE-47A1-9E3B-7A1736C215F8} = {FC789173-232A-445A-9364-13A15BEC90A5}
	EndGlobalSection
EndGlobal
